// !$*UTF8*$!
{
	archiveVersion = 1;
	classes = {
	};
	objectVersion = 77;
	objects = {

/* Begin PBXBuildFile section */
		BE00000000000000000000B3 /* BenKit in Frameworks */ = {isa = PBXBuildFile; productRef = BE00000000000000000000B2 /* BenKit */; };
/* End PBXBuildFile section */

/* Begin PBXFileReference section */
		BE00000000000000000000C4 /* IsHaunted.app */ = {isa = PBXFileReference; explicitFileType = wrapper.application; includeInIndex = 0; path = IsHaunted.app; sourceTree = BUILT_PRODUCTS_DIR; };
		BE00000000000000000000D4 /* IsHauntedUITests.xctest */ = {isa = PBXFileReference; explicitFileType = wrapper.cfbundle; includeInIndex = 0; path = IsHauntedUITests.xctest; sourceTree = BUILT_PRODUCTS_DIR; };
/* End PBXFileReference section */

/* Begin PBXFileSystemSynchronizedRootGroup section */
		BE00000000000000000000A3 /* IsHaunted */ = {
			isa = PBXFileSystemSynchronizedRootGroup;
			path = IsHaunted;
			sourceTree = "<group>";
		};
		BE00000000000000000000D3 /* IsHauntedUITests */ = {
			isa = PBXFileSystemSynchronizedRootGroup;
			path = IsHauntedUITests;
			sourceTree = "<group>";
		};
/* End PBXFileSystemSynchronizedRootGroup section */

/* Begin PBXFrameworksBuildPhase section */
		BE00000000000000000000B4 /* Frameworks */ = {
			isa = PBXFrameworksBuildPhase;
			buildActionMask = 2147483647;
			files = (
				BE00000000000000000000B3 /* BenKit in Frameworks */,
			);
			runOnlyForDeploymentPostprocessing = 0;
		};
		BE00000000000000000000D5 /* Frameworks */ = {
			isa = PBXFrameworksBuildPhase;
			buildActionMask = 2147483647;
			files = (
			);
			runOnlyForDeploymentPostprocessing = 0;
		};
/* End PBXFrameworksBuildPhase section */

/* Begin PBXGroup section */
		BE00000000000000000000C1 = {
			isa = PBXGroup;
			children = (
				BE00000000000000000000A3 /* IsHaunted */,
				BE00000000000000000000D3 /* IsHauntedUITests */,
				BE00000000000000000000C2 /* Products */,
			);
			sourceTree = "<group>";
		};
		BE00000000000000000000C2 /* Products */ = {
			isa = PBXGroup;
			children = (
				BE00000000000000000000C4 /* IsHaunted.app */,
				BE00000000000000000000D4 /* IsHauntedUITests.xctest */,
			);
			name = Products;
			sourceTree = "<group>";
		};
/* End PBXGroup section */

/* Begin PBXNativeTarget section */
		BE00000000000000000000A2 /* IsHaunted */ = {
			isa = PBXNativeTarget;
			buildConfigurationList = BE00000000000000000000A9 /* Build configuration list for PBXNativeTarget "IsHaunted" */;
			buildPhases = (
				BE00000000000000000000B5 /* Sources */,
				BE00000000000000000000B4 /* Frameworks */,
				BE00000000000000000000B6 /* Resources */,
			);
			buildRules = (
			);
			dependencies = (
			);
			fileSystemSynchronizedGroups = (
				BE00000000000000000000A3 /* IsHaunted */,
			);
			name = IsHaunted;
			packageProductDependencies = (
				BE00000000000000000000B2 /* BenKit */,
			);
			productName = IsHaunted;
			productReference = BE00000000000000000000C4 /* IsHaunted.app */;
			productType = "com.apple.product-type.application";
		};
		BE00000000000000000000D2 /* IsHauntedUITests */ = {
			isa = PBXNativeTarget;
			buildConfigurationList = BE00000000000000000000D9 /* Build configuration list for PBXNativeTarget "IsHauntedUITests" */;
			buildPhases = (
				BE00000000000000000000D6 /* Sources */,
				BE00000000000000000000D5 /* Frameworks */,
			);
			buildRules = (
			);
			dependencies = (
				BE00000000000000000000DB /* PBXTargetDependency */,
			);
			fileSystemSynchronizedGroups = (
				BE00000000000000000000D3 /* IsHauntedUITests */,
			);
			name = IsHauntedUITests;
			productName = IsHauntedUITests;
			productReference = BE00000000000000000000D4 /* IsHauntedUITests.xctest */;
			productType = "com.apple.product-type.bundle.ui-testing";
		};
/* End PBXNativeTarget section */

/* Begin PBXProject section */
		BE00000000000000000000A1 /* Project object */ = {
			isa = PBXProject;
			attributes = {
				BuildIndependentTargetsInParallel = 1;
				LastSwiftUpdateCheck = 1600;
				LastUpgradeCheck = 1600;
				TargetAttributes = {
					BE00000000000000000000A2 = {
						CreatedOnToolsVersion = 16.0;
					};
					BE00000000000000000000D2 = {
						CreatedOnToolsVersion = 16.0;
						TestTargetID = BE00000000000000000000A2;
					};
				};
			};
			buildConfigurationList = BE00000000000000000000A8 /* Build configuration list for PBXProject "IsHaunted" */;
			developmentRegion = en;
			hasScannedForEncodings = 0;
			knownRegions = (
				en,
				Base,
			);
			mainGroup = BE00000000000000000000C1;
			packageReferences = (
				BE00000000000000000000B1 /* XCLocalSwiftPackageReference "BenKit" */,
			);
			productRefGroup = BE00000000000000000000C2 /* Products */;
			projectDirPath = "";
			projectRoot = "";
			targets = (
				BE00000000000000000000A2 /* IsHaunted */,
				BE00000000000000000000D2 /* IsHauntedUITests */,
			);
		};
/* End PBXProject section */

/* Begin PBXResourcesBuildPhase section */
		BE00000000000000000000B6 /* Resources */ = {
			isa = PBXResourcesBuildPhase;
			buildActionMask = 2147483647;
			files = (
			);
			runOnlyForDeploymentPostprocessing = 0;
		};
/* End PBXResourcesBuildPhase section */

/* Begin PBXSourcesBuildPhase section */
		BE00000000000000000000B5 /* Sources */ = {
			isa = PBXSourcesBuildPhase;
			buildActionMask = 2147483647;
			files = (
			);
			runOnlyForDeploymentPostprocessing = 0;
		};
		BE00000000000000000000D6 /* Sources */ = {
			isa = PBXSourcesBuildPhase;
			buildActionMask = 2147483647;
			files = (
			);
			runOnlyForDeploymentPostprocessing = 0;
		};
/* End PBXSourcesBuildPhase section */

/* Begin PBXTargetDependency section */
		BE00000000000000000000DB /* PBXTargetDependency */ = {
			isa = PBXTargetDependency;
			target = BE00000000000000000000A2 /* IsHaunted */;
			targetProxy = BE00000000000000000000DC /* PBXContainerItemProxy */;
		};
/* End PBXTargetDependency section */

/* Begin PBXContainerItemProxy section */
		BE00000000000000000000DC /* PBXContainerItemProxy */ = {
			isa = PBXContainerItemProxy;
			containerPortal = BE00000000000000000000A1 /* Project object */;
			proxyType = 1;
			remoteGlobalIDString = BE00000000000000000000A2;
			remoteInfo = IsHaunted;
		};
/* End PBXContainerItemProxy section */

/* Begin XCBuildConfiguration section */
		BE00000000000000000000A4 /* Debug */ = {
			isa = XCBuildConfiguration;
			buildSettings = {
				ALWAYS_SEARCH_USER_PATHS = NO;
				CLANG_ENABLE_MODULES = YES;
				CLANG_ENABLE_OBJC_ARC = YES;
				COPY_PHASE_STRIP = NO;
				DEBUG_INFORMATION_FORMAT = dwarf;
				ENABLE_STRICT_OBJC_MSGSEND = YES;
				ENABLE_TESTABILITY = YES;
				ENABLE_USER_SCRIPT_SANDBOXING = YES;
				GCC_DYNAMIC_NO_PIC = NO;
				GCC_OPTIMIZATION_LEVEL = 0;
				GCC_PREPROCESSOR_DEFINITIONS = (
					"DEBUG=1",
					"$(inherited)",
				);
				IPHONEOS_DEPLOYMENT_TARGET = 18.0;
				MTL_ENABLE_DEBUG_INFO = INCLUDE_SOURCE;
				MTL_FAST_MATH = YES;
				ONLY_ACTIVE_ARCH = YES;
				SDKROOT = iphoneos;
				SWIFT_ACTIVE_COMPILATION_CONDITIONS = "DEBUG $(inherited)";
				SWIFT_OPTIMIZATION_LEVEL = "-Onone";
				SWIFT_STRICT_CONCURRENCY = complete;
				SWIFT_VERSION = 6.0;
			};
			name = Debug;
		};
		BE00000000000000000000A5 /* Release */ = {
			isa = XCBuildConfiguration;
			buildSettings = {
				ALWAYS_SEARCH_USER_PATHS = NO;
				CLANG_ENABLE_MODULES = YES;
				CLANG_ENABLE_OBJC_ARC = YES;
				COPY_PHASE_STRIP = NO;
				DEBUG_INFORMATION_FORMAT = "dwarf-with-dsym";
				ENABLE_NS_ASSERTIONS = NO;
				ENABLE_STRICT_OBJC_MSGSEND = YES;
				ENABLE_USER_SCRIPT_SANDBOXING = YES;
				IPHONEOS_DEPLOYMENT_TARGET = 18.0;
				MTL_ENABLE_DEBUG_INFO = NO;
				MTL_FAST_MATH = YES;
				SDKROOT = iphoneos;
				SWIFT_COMPILATION_MODE = wholemodule;
				SWIFT_STRICT_CONCURRENCY = complete;
				SWIFT_VERSION = 6.0;
				VALIDATE_PRODUCT = YES;
			};
			name = Release;
		};
		BE00000000000000000000A6 /* Debug */ = {
			isa = XCBuildConfiguration;
			buildSettings = {
				ASSETCATALOG_COMPILER_APPICON_NAME = "IsHaunted-iOS26-Button";
				ASSETCATALOG_COMPILER_GLOBAL_ACCENT_COLOR_NAME = AccentColor;
				CODE_SIGN_ENTITLEMENTS = Support/IsHaunted.entitlements;
				CODE_SIGN_STYLE = Automatic;
				CURRENT_PROJECT_VERSION = 1;
				GENERATE_INFOPLIST_FILE = YES;
				INFOPLIST_FILE = Support/Info.plist;
				INFOPLIST_KEY_UIApplicationSceneManifest_Generation = YES;
				INFOPLIST_KEY_UIApplicationSupportsIndirectInputEvents = YES;
				LD_RUNPATH_SEARCH_PATHS = (
					"$(inherited)",
					"@executable_path/Frameworks",
				);
				MARKETING_VERSION = 0.1.0;
				PRODUCT_BUNDLE_IDENTIFIER = com.ishaunted.ios;
				PRODUCT_NAME = "$(TARGET_NAME)";
				SWIFT_EMIT_LOC_STRINGS = YES;
				TARGETED_DEVICE_FAMILY = "1,2";
			};
			name = Debug;
		};
		BE00000000000000000000A7 /* Release */ = {
			isa = XCBuildConfiguration;
			buildSettings = {
				ASSETCATALOG_COMPILER_APPICON_NAME = "IsHaunted-iOS26-Button";
				ASSETCATALOG_COMPILER_GLOBAL_ACCENT_COLOR_NAME = AccentColor;
				CODE_SIGN_ENTITLEMENTS = Support/IsHaunted.entitlements;
				CODE_SIGN_STYLE = Automatic;
				CURRENT_PROJECT_VERSION = 1;
				GENERATE_INFOPLIST_FILE = YES;
				INFOPLIST_FILE = Support/Info.plist;
				INFOPLIST_KEY_UIApplicationSceneManifest_Generation = YES;
				INFOPLIST_KEY_UIApplicationSupportsIndirectInputEvents = YES;
				LD_RUNPATH_SEARCH_PATHS = (
					"$(inherited)",
					"@executable_path/Frameworks",
				);
				MARKETING_VERSION = 0.1.0;
				PRODUCT_BUNDLE_IDENTIFIER = com.ishaunted.ios;
				PRODUCT_NAME = "$(TARGET_NAME)";
				SWIFT_EMIT_LOC_STRINGS = YES;
				TARGETED_DEVICE_FAMILY = "1,2";
			};
			name = Release;
		};
		BE00000000000000000000D7 /* Debug */ = {
			isa = XCBuildConfiguration;
			buildSettings = {
				CODE_SIGN_STYLE = Automatic;
				CURRENT_PROJECT_VERSION = 1;
				GENERATE_INFOPLIST_FILE = YES;
				MARKETING_VERSION = 0.1.0;
				PRODUCT_BUNDLE_IDENTIFIER = com.ishaunted.ios.uitests;
				PRODUCT_NAME = "$(TARGET_NAME)";
				SWIFT_EMIT_LOC_STRINGS = NO;
				SWIFT_VERSION = 6.0;
				TARGETED_DEVICE_FAMILY = "1,2";
				TEST_TARGET_NAME = IsHaunted;
			};
			name = Debug;
		};
		BE00000000000000000000D8 /* Release */ = {
			isa = XCBuildConfiguration;
			buildSettings = {
				CODE_SIGN_STYLE = Automatic;
				CURRENT_PROJECT_VERSION = 1;
				GENERATE_INFOPLIST_FILE = YES;
				MARKETING_VERSION = 0.1.0;
				PRODUCT_BUNDLE_IDENTIFIER = com.ishaunted.ios.uitests;
				PRODUCT_NAME = "$(TARGET_NAME)";
				SWIFT_EMIT_LOC_STRINGS = NO;
				SWIFT_VERSION = 6.0;
				TARGETED_DEVICE_FAMILY = "1,2";
				TEST_TARGET_NAME = IsHaunted;
			};
			name = Release;
		};
/* End XCBuildConfiguration section */

/* Begin XCConfigurationList section */
		BE00000000000000000000A8 /* Build configuration list for PBXProject "IsHaunted" */ = {
			isa = XCConfigurationList;
			buildConfigurations = (
				BE00000000000000000000A4 /* Debug */,
				BE00000000000000000000A5 /* Release */,
			);
			defaultConfigurationIsVisible = 0;
			defaultConfigurationName = Release;
		};
		BE00000000000000000000A9 /* Build configuration list for PBXNativeTarget "IsHaunted" */ = {
			isa = XCConfigurationList;
			buildConfigurations = (
				BE00000000000000000000A6 /* Debug */,
				BE00000000000000000000A7 /* Release */,
			);
			defaultConfigurationIsVisible = 0;
			defaultConfigurationName = Release;
		};
		BE00000000000000000000D9 /* Build configuration list for PBXNativeTarget "IsHauntedUITests" */ = {
			isa = XCConfigurationList;
			buildConfigurations = (
				BE00000000000000000000D7 /* Debug */,
				BE00000000000000000000D8 /* Release */,
			);
			defaultConfigurationIsVisible = 0;
			defaultConfigurationName = Release;
		};
/* End XCConfigurationList section */

/* Begin XCLocalSwiftPackageReference section */
		BE00000000000000000000B1 /* XCLocalSwiftPackageReference "BenKit" */ = {
			isa = XCLocalSwiftPackageReference;
			relativePath = BenKit;
		};
/* End XCLocalSwiftPackageReference section */

/* Begin XCSwiftPackageProductDependency section */
		BE00000000000000000000B2 /* BenKit */ = {
			isa = XCSwiftPackageProductDependency;
			productName = BenKit;
		};
/* End XCSwiftPackageProductDependency section */
	};
	rootObject = BE00000000000000000000A1 /* Project object */;
}
