<Solution>
  <Folder Name="/Api Layers/">
    <Project Path="Ben.Data.WebApi/Ben.Data.WebApi.csproj" />
  </Folder>
  <Folder Name="/Data Layers/">
    <Project Path="Ben.Data.Common/Ben.Data.Common.csproj" />
    <Project Path="Ben.Data.Source/Ben.Data.Source.csproj" Id="6fef42b6-8206-410a-b099-d3bb81ee60a3" />
  </Folder>
  <Folder Name="/Service Layers/">
    <Project Path="Ben.Service.Mappings/Ben.Service.Mappings.csproj" />
    <Project Path="Ben.Service.Models/Ben.Service.Models.csproj" Id="c3afddbd-5ff0-4e8c-b017-9ef0a0c96f7e" />
    <Project Path="Ben.Service.RepositoryService/Ben.Service.RepositoryService.csproj" Id="474ad301-93ce-4b4b-9d18-8fa044b8b20e" />
  </Folder>
  <Folder Name="/Testing Projects/">
    <Project Path="Ben.Service.RepositoryService.Tests/Ben.Service.RepositoryService.Tests.csproj" />
    <Project Path="Ben.Web.Playwright/Ben.Web.Playwright.csproj" />
    <Project Path="Ben.Video.Tests/Ben.Video.Tests.csproj" />
    <Project Path="Ben.Video.Sidecar.Tests/Ben.Video.Sidecar.Tests.csproj" />
  </Folder>
  <Folder Name="/Web Layer/">
    <Project Path="Ben.Web.Services/Ben.Web.Services.csproj" />
    <Project Path="Ben.Web.Website.Library/Ben.Web.Website.Library.csproj" />
    <Project Path="Ben.Web.Website/Ben.Web.Website.csproj" />
  </Folder>
  <Folder Name="/Media Projects/">
    <Project Path="Ben.Video.Editor/Ben.Video.Editor.csproj" />
    <Project Path="Ben.Video.Core/Ben.Video.Core.csproj" />
    <Project Path="Ben.Video.RenderService/Ben.Video.RenderService.csproj" />
    <Project Path="Ben.Video.Sidecar/Ben.Video.Sidecar.csproj" />
    <Project Path="Ben.Video.Sidecar.FakeFfmpeg/Ben.Video.Sidecar.FakeFfmpeg.csproj" />
    <Project Path="Ben.Wasm.Video/Ben.Wasm.Video.csproj" />
    <Project Path="Ben.Wasm.Video.Tests/Ben.Wasm.Video.Tests.csproj" />
  </Folder>
  <Project Path="Ben.Web.Tests/Ben.Web.Tests.csproj" />
</Solution>
